
Microsoft Visual Studio Solution File, Format Version 12.00
# Visual Studio Version 16
VisualStudioVersion = 16.0.32413.511
MinimumVisualStudioVersion = 10.0.40219.1
Project("{9A19103F-16F7-4668-BE54-9A1E7A4F7556}") = "Chat.WebAPI", "Chat.WebAPI\Chat.WebAPI.csproj", "{3741C3F1-BA58-4F6E-920E-3B4908B2E331}"
EndProject
Project("{2150E333-8FDC-42A3-9474-1A3956D46DE8}") = "Chat.DB", "Chat.DB", "{6C034D3B-38A0-4504-9B49-1EB9E4A28C11}"
	ProjectSection(SolutionItems) = preProject
		CreateTableLogDB.sql = CreateTableLogDB.sql
		CreateTablesChatDB.sql = CreateTablesChatDB.sql
	EndProjectSection
EndProject
Project("{9A19103F-16F7-4668-BE54-9A1E7A4F7556}") = "Chat.WPF", "Chat.WPF\Chat.WPF.csproj", "{F01D4521-937D-4B21-A4DC-3396937B9C3F}"
EndProject
Project("{E53339B2-1760-4266-BCC7-CA923CBCF16C}") = "docker-compose", "docker-compose.dcproj", "{B91F7DEF-B46A-4389-981A-02EC66253F82}"
EndProject
Global
	GlobalSection(SolutionConfigurationPlatforms) = preSolution
		Debug|Any CPU = Debug|Any CPU
		Release|Any CPU = Release|Any CPU
	EndGlobalSection
	GlobalSection(ProjectConfigurationPlatforms) = postSolution
		{3741C3F1-BA58-4F6E-920E-3B4908B2E331}.Debug|Any CPU.ActiveCfg = Debug|Any CPU
		{3741C3F1-BA58-4F6E-920E-3B4908B2E331}.Debug|Any CPU.Build.0 = Debug|Any CPU
		{3741C3F1-BA58-4F6E-920E-3B4908B2E331}.Release|Any CPU.ActiveCfg = Release|Any CPU
		{3741C3F1-BA58-4F6E-920E-3B4908B2E331}.Release|Any CPU.Build.0 = Release|Any CPU
		{F01D4521-937D-4B21-A4DC-3396937B9C3F}.Debug|Any CPU.ActiveCfg = Debug|Any CPU
		{F01D4521-937D-4B21-A4DC-3396937B9C3F}.Debug|Any CPU.Build.0 = Debug|Any CPU
		{F01D4521-937D-4B21-A4DC-3396937B9C3F}.Release|Any CPU.ActiveCfg = Release|Any CPU
		{F01D4521-937D-4B21-A4DC-3396937B9C3F}.Release|Any CPU.Build.0 = Release|Any CPU
		{B91F7DEF-B46A-4389-981A-02EC66253F82}.Debug|Any CPU.ActiveCfg = Debug|Any CPU
		{B91F7DEF-B46A-4389-981A-02EC66253F82}.Debug|Any CPU.Build.0 = Debug|Any CPU
		{B91F7DEF-B46A-4389-981A-02EC66253F82}.Release|Any CPU.ActiveCfg = Release|Any CPU
		{B91F7DEF-B46A-4389-981A-02EC66253F82}.Release|Any CPU.Build.0 = Release|Any CPU
	EndGlobalSection
	GlobalSection(SolutionProperties) = preSolution
		HideSolutionNode = FALSE
	EndGlobalSection
	GlobalSection(ExtensibilityGlobals) = postSolution
		SolutionGuid = {B578DA8F-E550-4286-99F9-4B82741B34B2}
	EndGlobalSection
EndGlobal
